
Microsoft Visual Studio Solution File, Format Version 12.00
# Visual Studio 2012
Project("{E24C65DC-7377-472B-9ABA-BC803B73C61A}") = "www", "http://localhost:49504", "{26D4C74D-78A8-45FB-80B9-37F8A7E10D26}"
	ProjectSection(WebsiteProperties) = preProject
		UseIISExpress = "true"
		TargetFrameworkMoniker = ".NETFramework,Version%3Dv4.0"
		Debug.AspNetCompiler.VirtualPath = "/localhost_49504"
		Debug.AspNetCompiler.PhysicalPath = "www\"
		Debug.AspNetCompiler.TargetPath = "PrecompiledWeb\localhost_49504\"
		Debug.AspNetCompiler.Updateable = "true"
		Debug.AspNetCompiler.ForceOverwrite = "true"
		Debug.AspNetCompiler.FixedNames = "false"
		Debug.AspNetCompiler.Debug = "True"
		Release.AspNetCompiler.VirtualPath = "/localhost_49504"
		Release.AspNetCompiler.PhysicalPath = "www\"
		Release.AspNetCompiler.TargetPath = "PrecompiledWeb\localhost_49504\"
		Release.AspNetCompiler.Updateable = "true"
		Release.AspNetCompiler.ForceOverwrite = "true"
		Release.AspNetCompiler.FixedNames = "false"
		Release.AspNetCompiler.Debug = "False"
		SlnRelativePath = "www\"
	EndProjectSection
EndProject
Project("{2150E333-8FDC-42A3-9474-1A3956D46DE8}") = "docs", "docs", "{1A7685E6-7835-40E5-AB2E-042ABD24FD6B}"
	ProjectSection(SolutionItems) = preProject
		.gitignore = .gitignore
		config.xml = config.xml
		LICENSE = LICENSE
		README.md = README.md
	EndProjectSection
EndProject
Project("{2150E333-8FDC-42A3-9474-1A3956D46DE8}") = "apoio", "apoio", "{D78FEC29-92F9-4069-84FA-C8B471316734}"
	ProjectSection(SolutionItems) = preProject
		apoio\JavaScript Documento de Apoio PI.md = apoio\JavaScript Documento de Apoio PI.md
	EndProjectSection
EndProject
Project("{2150E333-8FDC-42A3-9474-1A3956D46DE8}") = "calculadora", "calculadora", "{BF4058B6-A1FA-42A2-92A7-FD84403904B4}"
	ProjectSection(SolutionItems) = preProject
		apoio\caculadora\calculadora-complexa.js = apoio\caculadora\calculadora-complexa.js
		apoio\caculadora\calculadora-simples.js = apoio\caculadora\calculadora-simples.js
		apoio\caculadora\index.html = apoio\caculadora\index.html
	EndProjectSection
EndProject
Project("{2150E333-8FDC-42A3-9474-1A3956D46DE8}") = "todo-list", "todo-list", "{6159CF7F-C710-4C93-A481-187CB10F6015}"
	ProjectSection(SolutionItems) = preProject
		apoio\todo-list\code.js = apoio\todo-list\code.js
		apoio\todo-list\index.html = apoio\todo-list\index.html
		apoio\todo-list\jquery.js = apoio\todo-list\jquery.js
	EndProjectSection
EndProject
Global
	GlobalSection(SolutionConfigurationPlatforms) = preSolution
		Debug|Any CPU = Debug|Any CPU
	EndGlobalSection
	GlobalSection(ProjectConfigurationPlatforms) = postSolution
		{26D4C74D-78A8-45FB-80B9-37F8A7E10D26}.Debug|Any CPU.ActiveCfg = Debug|Any CPU
		{26D4C74D-78A8-45FB-80B9-37F8A7E10D26}.Debug|Any CPU.Build.0 = Debug|Any CPU
	EndGlobalSection
	GlobalSection(SolutionProperties) = preSolution
		HideSolutionNode = FALSE
	EndGlobalSection
	GlobalSection(NestedProjects) = preSolution
		{D78FEC29-92F9-4069-84FA-C8B471316734} = {1A7685E6-7835-40E5-AB2E-042ABD24FD6B}
		{BF4058B6-A1FA-42A2-92A7-FD84403904B4} = {D78FEC29-92F9-4069-84FA-C8B471316734}
		{6159CF7F-C710-4C93-A481-187CB10F6015} = {D78FEC29-92F9-4069-84FA-C8B471316734}
	EndGlobalSection
EndGlobal
